
Microsoft Visual Studio Solution File, Format Version 12.00
# Visual Studio Version 17
VisualStudioVersion = 17.12.35527.113
MinimumVisualStudioVersion = 10.0.40219.1
Project("{FAE04EC0-301F-11D3-BF4B-00C04F79EFBC}") = "BambooNET", "BambooNET\BambooNET.csproj", "{B819BCD0-A963-4806-AB8C-890B031481D7}"
EndProject
Project("{2150E333-8FDC-42A3-9474-1A3956D46DE8}") = "Solution Items", "Solution Items", "{5CB738FD-C697-4016-80E9-BC4B07C14715}"
	ProjectSection(SolutionItems) = preProject
		.editorconfig = .editorconfig
		CODE_OF_CONDUCT.md = CODE_OF_CONDUCT.md
		CONTRIBUTING.md = CONTRIBUTING.md
		LICENSE.md = LICENSE.md
		README.md = README.md
	EndProjectSection
EndProject
Project("{FAE04EC0-301F-11D3-BF4B-00C04F79EFBC}") = "BambooNET.Test.Console", "BambooNET.Test\BambooNET.Test.Console\BambooNET.Test.Console.csproj", "{70EB548B-B8D0-4EBD-B48A-E25735D1472C}"
EndProject
Project("{FAE04EC0-301F-11D3-BF4B-00C04F79EFBC}") = "BambooNET.Test.WinUI", "BambooNET.Test\BambooNET.Test.WinUI\BambooNET.Test.WinUI.csproj", "{5ACDA554-A9F6-44D0-ADB7-7C4172C7D72A}"
EndProject
Global
	GlobalSection(SolutionConfigurationPlatforms) = preSolution
		Debug|Any CPU = Debug|Any CPU
		Release|Any CPU = Release|Any CPU
	EndGlobalSection
	GlobalSection(ProjectConfigurationPlatforms) = postSolution
		{B819BCD0-A963-4806-AB8C-890B031481D7}.Debug|Any CPU.ActiveCfg = Debug|Any CPU
		{B819BCD0-A963-4806-AB8C-890B031481D7}.Debug|Any CPU.Build.0 = Debug|Any CPU
		{B819BCD0-A963-4806-AB8C-890B031481D7}.Release|Any CPU.ActiveCfg = Release|Any CPU
		{B819BCD0-A963-4806-AB8C-890B031481D7}.Release|Any CPU.Build.0 = Release|Any CPU
		{70EB548B-B8D0-4EBD-B48A-E25735D1472C}.Debug|Any CPU.ActiveCfg = Debug|Any CPU
		{70EB548B-B8D0-4EBD-B48A-E25735D1472C}.Debug|Any CPU.Build.0 = Debug|Any CPU
		{70EB548B-B8D0-4EBD-B48A-E25735D1472C}.Release|Any CPU.ActiveCfg = Release|Any CPU
		{70EB548B-B8D0-4EBD-B48A-E25735D1472C}.Release|Any CPU.Build.0 = Release|Any CPU
		{5ACDA554-A9F6-44D0-ADB7-7C4172C7D72A}.Debug|Any CPU.ActiveCfg = Debug|x64
		{5ACDA554-A9F6-44D0-ADB7-7C4172C7D72A}.Debug|Any CPU.Build.0 = Debug|x64
		{5ACDA554-A9F6-44D0-ADB7-7C4172C7D72A}.Debug|Any CPU.Deploy.0 = Debug|x64
		{5ACDA554-A9F6-44D0-ADB7-7C4172C7D72A}.Release|Any CPU.ActiveCfg = Release|x64
		{5ACDA554-A9F6-44D0-ADB7-7C4172C7D72A}.Release|Any CPU.Build.0 = Release|x64
		{5ACDA554-A9F6-44D0-ADB7-7C4172C7D72A}.Release|Any CPU.Deploy.0 = Release|x64
	EndGlobalSection
	GlobalSection(SolutionProperties) = preSolution
		HideSolutionNode = FALSE
	EndGlobalSection
EndGlobal
